
Microsoft Visual Studio Solution File, Format Version 12.00
# Visual Studio Version 17
VisualStudioVersion = 17.0.31903.59
MinimumVisualStudioVersion = 10.0.40219.1
Project("{FAE04EC0-301F-11D3-BF4B-00C04F79EFBC}") = "GeometryDrawing.Core", "src\GeometryDrawing.Core\GeometryDrawing.Core.csproj", "{0DB07A93-14A7-46EF-9560-A78FD6F879AB}"
EndProject
Project("{FAE04EC0-301F-11D3-BF4B-00C04F79EFBC}") = "GeometryDrawing.Wpf", "src\GeometryDrawing.Wpf\GeometryDrawing.Wpf.csproj", "{51F3A539-DF98-4D2D-AB82-AAB5351652E0}"
EndProject
Global
	GlobalSection(SolutionConfigurationPlatforms) = preSolution
		Debug|Any CPU = Debug|Any CPU
		Release|Any CPU = Release|Any CPU
	EndGlobalSection
	GlobalSection(ProjectConfigurationPlatforms) = postSolution
		{0DB07A93-14A7-46EF-9560-A78FD6F879AB}.Debug|Any CPU.ActiveCfg = Debug|Any CPU
		{0DB07A93-14A7-46EF-9560-A78FD6F879AB}.Debug|Any CPU.Build.0 = Debug|Any CPU
		{0DB07A93-14A7-46EF-9560-A78FD6F879AB}.Release|Any CPU.ActiveCfg = Release|Any CPU
		{0DB07A93-14A7-46EF-9560-A78FD6F879AB}.Release|Any CPU.Build.0 = Release|Any CPU
		{51F3A539-DF98-4D2D-AB82-AAB5351652E0}.Debug|Any CPU.ActiveCfg = Debug|Any CPU
		{51F3A539-DF98-4D2D-AB82-AAB5351652E0}.Debug|Any CPU.Build.0 = Debug|Any CPU
		{51F3A539-DF98-4D2D-AB82-AAB5351652E0}.Release|Any CPU.ActiveCfg = Release|Any CPU
		{51F3A539-DF98-4D2D-AB82-AAB5351652E0}.Release|Any CPU.Build.0 = Release|Any CPU
	EndGlobalSection
EndGlobal

